
Microsoft Visual Studio Solution File, Format Version 12.00
# Visual Studio 15
VisualStudioVersion = 15.0.26124.0
MinimumVisualStudioVersion = 15.0.26124.0
Project("{2150E333-8FDC-42A3-9474-1A3956D46DE8}") = "1.0 - Presentation", "1.0 - Presentation", "{2142C750-CF96-11EA-AE65-570C93F768EB}"
EndProject
Project("{2150E333-8FDC-42A3-9474-1A3956D46DE8}") = "2.0 - Application", "2.0 - Application", "{2D838720-CF96-11EA-AE65-570C93F768EB}"
EndProject
Project("{2150E333-8FDC-42A3-9474-1A3956D46DE8}") = "3.0 - Domain", "3.0 - Domain", "{322040C0-CF96-11EA-AE65-570C93F768EB}"
EndProject
Project("{2150E333-8FDC-42A3-9474-1A3956D46DE8}") = "4.0 - Infrastructure", "4.0 - Infrastructure", "{3D73E170-CF96-11EA-AE65-570C93F768EB}"
EndProject
Project("{2150E333-8FDC-42A3-9474-1A3956D46DE8}") = "4.1 - Data", "4.1 - Data", "{44C66C40-CF96-11EA-AE65-570C93F768EB}"
EndProject
Project("{2150E333-8FDC-42A3-9474-1A3956D46DE8}") = "4.2 - CrossCutting", "4.2 - CrossCutting", "{48E51C40-CF96-11EA-AE65-570C93F768EB}"
EndProject
Project("{FAE04EC0-301F-11D3-BF4B-00C04F79EFBC}") = "Poll.Infrastructure.Data", "Poll.Infrastructure.Data\Poll.Infrastructure.Data.csproj", "{BA2D92ED-B1EB-433C-B2A3-F5DF998ECBE5}"
EndProject
Project("{FAE04EC0-301F-11D3-BF4B-00C04F79EFBC}") = "Poll.Infrastructure.Repository", "Poll.Infrastructure.Repository\Poll.Infrastructure.Repository.csproj", "{007E1D21-9813-485C-9FFC-E608575076EF}"
EndProject
Project("{FAE04EC0-301F-11D3-BF4B-00C04F79EFBC}") = "Poll.Infrastructure.CrossCutting.Adapter", "Poll.Infrastructure.CrossCutting.Adapter\Poll.Infrastructure.CrossCutting.Adapter.csproj", "{15837332-6469-43B0-9353-6D8BC084F3CA}"
EndProject
Project("{FAE04EC0-301F-11D3-BF4B-00C04F79EFBC}") = "Poll.Infrastructure.CrossCutting.IOC", "Poll.Infrastructure.CrossCutting.IOC\Poll.Infrastructure.CrossCutting.IOC.csproj", "{4A179ACB-DD45-419A-8CE1-71D42BB80646}"
EndProject
Project("{FAE04EC0-301F-11D3-BF4B-00C04F79EFBC}") = "Poll.Domain", "Poll.Domain\Poll.Domain.csproj", "{3B9B6AFB-CE9A-4940-944A-576894A30723}"
EndProject
Project("{FAE04EC0-301F-11D3-BF4B-00C04F79EFBC}") = "Poll.Domain.Core", "Poll.Domain.Core\Poll.Domain.Core.csproj", "{9F0736FE-2054-4EF8-B8A0-A68120F0A068}"
EndProject
Project("{FAE04EC0-301F-11D3-BF4B-00C04F79EFBC}") = "Poll.Domain.Services", "Poll.Domain.Services\Poll.Domain.Services.csproj", "{2C789ADF-CE2B-49A1-A6FC-DAC4CD4B3F8B}"
EndProject
Project("{FAE04EC0-301F-11D3-BF4B-00C04F79EFBC}") = "Poll.Application", "Poll.Application\Poll.Application.csproj", "{A4703CE5-1B39-4A71-A2FB-1E8A4122009D}"
EndProject
Project("{FAE04EC0-301F-11D3-BF4B-00C04F79EFBC}") = "Poll.Application.DTO", "Poll.Application.DTO\Poll.Application.DTO.csproj", "{08AFD576-0827-4309-9243-B708ADA01FE9}"
EndProject
Project("{FAE04EC0-301F-11D3-BF4B-00C04F79EFBC}") = "Poll.API", "Poll.API\Poll.API.csproj", "{818DEAAD-3ECA-401B-B684-E06A2F57C590}"
EndProject
Global
	GlobalSection(SolutionConfigurationPlatforms) = preSolution
		Debug|Any CPU = Debug|Any CPU
		Debug|x64 = Debug|x64
		Debug|x86 = Debug|x86
		Release|Any CPU = Release|Any CPU
		Release|x64 = Release|x64
		Release|x86 = Release|x86
	EndGlobalSection
	GlobalSection(SolutionProperties) = preSolution
		HideSolutionNode = FALSE
	EndGlobalSection
	GlobalSection(NestedProjects) = preSolution
		{818DEAAD-3ECA-401B-B684-E06A2F57C590} = {2142C750-CF96-11EA-AE65-570C93F768EB}
		{08AFD576-0827-4309-9243-B708ADA01FE9} = {2D838720-CF96-11EA-AE65-570C93F768EB}
		{A4703CE5-1B39-4A71-A2FB-1E8A4122009D} = {2D838720-CF96-11EA-AE65-570C93F768EB}
		{2C789ADF-CE2B-49A1-A6FC-DAC4CD4B3F8B} = {322040C0-CF96-11EA-AE65-570C93F768EB}
		{9F0736FE-2054-4EF8-B8A0-A68120F0A068} = {322040C0-CF96-11EA-AE65-570C93F768EB}
		{3B9B6AFB-CE9A-4940-944A-576894A30723} = {322040C0-CF96-11EA-AE65-570C93F768EB}
		{4A179ACB-DD45-419A-8CE1-71D42BB80646} = {48E51C40-CF96-11EA-AE65-570C93F768EB}
		{15837332-6469-43B0-9353-6D8BC084F3CA} = {48E51C40-CF96-11EA-AE65-570C93F768EB}
		{007E1D21-9813-485C-9FFC-E608575076EF} = {44C66C40-CF96-11EA-AE65-570C93F768EB}
		{BA2D92ED-B1EB-433C-B2A3-F5DF998ECBE5} = {44C66C40-CF96-11EA-AE65-570C93F768EB}
		{48E51C40-CF96-11EA-AE65-570C93F768EB} = {3D73E170-CF96-11EA-AE65-570C93F768EB}
		{44C66C40-CF96-11EA-AE65-570C93F768EB} = {3D73E170-CF96-11EA-AE65-570C93F768EB}
	EndGlobalSection
	GlobalSection(ProjectConfigurationPlatforms) = postSolution
		{BA2D92ED-B1EB-433C-B2A3-F5DF998ECBE5}.Debug|Any CPU.ActiveCfg = Debug|Any CPU
		{BA2D92ED-B1EB-433C-B2A3-F5DF998ECBE5}.Debug|Any CPU.Build.0 = Debug|Any CPU
		{BA2D92ED-B1EB-433C-B2A3-F5DF998ECBE5}.Debug|x64.ActiveCfg = Debug|Any CPU
		{BA2D92ED-B1EB-433C-B2A3-F5DF998ECBE5}.Debug|x64.Build.0 = Debug|Any CPU
		{BA2D92ED-B1EB-433C-B2A3-F5DF998ECBE5}.Debug|x86.ActiveCfg = Debug|Any CPU
		{BA2D92ED-B1EB-433C-B2A3-F5DF998ECBE5}.Debug|x86.Build.0 = Debug|Any CPU
		{BA2D92ED-B1EB-433C-B2A3-F5DF998ECBE5}.Release|Any CPU.ActiveCfg = Release|Any CPU
		{BA2D92ED-B1EB-433C-B2A3-F5DF998ECBE5}.Release|Any CPU.Build.0 = Release|Any CPU
		{BA2D92ED-B1EB-433C-B2A3-F5DF998ECBE5}.Release|x64.ActiveCfg = Release|Any CPU
		{BA2D92ED-B1EB-433C-B2A3-F5DF998ECBE5}.Release|x64.Build.0 = Release|Any CPU
		{BA2D92ED-B1EB-433C-B2A3-F5DF998ECBE5}.Release|x86.ActiveCfg = Release|Any CPU
		{BA2D92ED-B1EB-433C-B2A3-F5DF998ECBE5}.Release|x86.Build.0 = Release|Any CPU
		{007E1D21-9813-485C-9FFC-E608575076EF}.Debug|Any CPU.ActiveCfg = Debug|Any CPU
		{007E1D21-9813-485C-9FFC-E608575076EF}.Debug|Any CPU.Build.0 = Debug|Any CPU
		{007E1D21-9813-485C-9FFC-E608575076EF}.Debug|x64.ActiveCfg = Debug|Any CPU
		{007E1D21-9813-485C-9FFC-E608575076EF}.Debug|x64.Build.0 = Debug|Any CPU
		{007E1D21-9813-485C-9FFC-E608575076EF}.Debug|x86.ActiveCfg = Debug|Any CPU
		{007E1D21-9813-485C-9FFC-E608575076EF}.Debug|x86.Build.0 = Debug|Any CPU
		{007E1D21-9813-485C-9FFC-E608575076EF}.Release|Any CPU.ActiveCfg = Release|Any CPU
		{007E1D21-9813-485C-9FFC-E608575076EF}.Release|Any CPU.Build.0 = Release|Any CPU
		{007E1D21-9813-485C-9FFC-E608575076EF}.Release|x64.ActiveCfg = Release|Any CPU
		{007E1D21-9813-485C-9FFC-E608575076EF}.Release|x64.Build.0 = Release|Any CPU
		{007E1D21-9813-485C-9FFC-E608575076EF}.Release|x86.ActiveCfg = Release|Any CPU
		{007E1D21-9813-485C-9FFC-E608575076EF}.Release|x86.Build.0 = Release|Any CPU
		{15837332-6469-43B0-9353-6D8BC084F3CA}.Debug|Any CPU.ActiveCfg = Debug|Any CPU
		{15837332-6469-43B0-9353-6D8BC084F3CA}.Debug|Any CPU.Build.0 = Debug|Any CPU
		{15837332-6469-43B0-9353-6D8BC084F3CA}.Debug|x64.ActiveCfg = Debug|Any CPU
		{15837332-6469-43B0-9353-6D8BC084F3CA}.Debug|x64.Build.0 = Debug|Any CPU
		{15837332-6469-43B0-9353-6D8BC084F3CA}.Debug|x86.ActiveCfg = Debug|Any CPU
		{15837332-6469-43B0-9353-6D8BC084F3CA}.Debug|x86.Build.0 = Debug|Any CPU
		{15837332-6469-43B0-9353-6D8BC084F3CA}.Release|Any CPU.ActiveCfg = Release|Any CPU
		{15837332-6469-43B0-9353-6D8BC084F3CA}.Release|Any CPU.Build.0 = Release|Any CPU
		{15837332-6469-43B0-9353-6D8BC084F3CA}.Release|x64.ActiveCfg = Release|Any CPU
		{15837332-6469-43B0-9353-6D8BC084F3CA}.Release|x64.Build.0 = Release|Any CPU
		{15837332-6469-43B0-9353-6D8BC084F3CA}.Release|x86.ActiveCfg = Release|Any CPU
		{15837332-6469-43B0-9353-6D8BC084F3CA}.Release|x86.Build.0 = Release|Any CPU
		{4A179ACB-DD45-419A-8CE1-71D42BB80646}.Debug|Any CPU.ActiveCfg = Debug|Any CPU
		{4A179ACB-DD45-419A-8CE1-71D42BB80646}.Debug|Any CPU.Build.0 = Debug|Any CPU
		{4A179ACB-DD45-419A-8CE1-71D42BB80646}.Debug|x64.ActiveCfg = Debug|Any CPU
		{4A179ACB-DD45-419A-8CE1-71D42BB80646}.Debug|x64.Build.0 = Debug|Any CPU
		{4A179ACB-DD45-419A-8CE1-71D42BB80646}.Debug|x86.ActiveCfg = Debug|Any CPU
		{4A179ACB-DD45-419A-8CE1-71D42BB80646}.Debug|x86.Build.0 = Debug|Any CPU
		{4A179ACB-DD45-419A-8CE1-71D42BB80646}.Release|Any CPU.ActiveCfg = Release|Any CPU
		{4A179ACB-DD45-419A-8CE1-71D42BB80646}.Release|Any CPU.Build.0 = Release|Any CPU
		{4A179ACB-DD45-419A-8CE1-71D42BB80646}.Release|x64.ActiveCfg = Release|Any CPU
		{4A179ACB-DD45-419A-8CE1-71D42BB80646}.Release|x64.Build.0 = Release|Any CPU
		{4A179ACB-DD45-419A-8CE1-71D42BB80646}.Release|x86.ActiveCfg = Release|Any CPU
		{4A179ACB-DD45-419A-8CE1-71D42BB80646}.Release|x86.Build.0 = Release|Any CPU
		{3B9B6AFB-CE9A-4940-944A-576894A30723}.Debug|Any CPU.ActiveCfg = Debug|Any CPU
		{3B9B6AFB-CE9A-4940-944A-576894A30723}.Debug|Any CPU.Build.0 = Debug|Any CPU
		{3B9B6AFB-CE9A-4940-944A-576894A30723}.Debug|x64.ActiveCfg = Debug|Any CPU
		{3B9B6AFB-CE9A-4940-944A-576894A30723}.Debug|x64.Build.0 = Debug|Any CPU
		{3B9B6AFB-CE9A-4940-944A-576894A30723}.Debug|x86.ActiveCfg = Debug|Any CPU
		{3B9B6AFB-CE9A-4940-944A-576894A30723}.Debug|x86.Build.0 = Debug|Any CPU
		{3B9B6AFB-CE9A-4940-944A-576894A30723}.Release|Any CPU.ActiveCfg = Release|Any CPU
		{3B9B6AFB-CE9A-4940-944A-576894A30723}.Release|Any CPU.Build.0 = Release|Any CPU
		{3B9B6AFB-CE9A-4940-944A-576894A30723}.Release|x64.ActiveCfg = Release|Any CPU
		{3B9B6AFB-CE9A-4940-944A-576894A30723}.Release|x64.Build.0 = Release|Any CPU
		{3B9B6AFB-CE9A-4940-944A-576894A30723}.Release|x86.ActiveCfg = Release|Any CPU
		{3B9B6AFB-CE9A-4940-944A-576894A30723}.Release|x86.Build.0 = Release|Any CPU
		{9F0736FE-2054-4EF8-B8A0-A68120F0A068}.Debug|Any CPU.ActiveCfg = Debug|Any CPU
		{9F0736FE-2054-4EF8-B8A0-A68120F0A068}.Debug|Any CPU.Build.0 = Debug|Any CPU
		{9F0736FE-2054-4EF8-B8A0-A68120F0A068}.Debug|x64.ActiveCfg = Debug|Any CPU
		{9F0736FE-2054-4EF8-B8A0-A68120F0A068}.Debug|x64.Build.0 = Debug|Any CPU
		{9F0736FE-2054-4EF8-B8A0-A68120F0A068}.Debug|x86.ActiveCfg = Debug|Any CPU
		{9F0736FE-2054-4EF8-B8A0-A68120F0A068}.Debug|x86.Build.0 = Debug|Any CPU
		{9F0736FE-2054-4EF8-B8A0-A68120F0A068}.Release|Any CPU.ActiveCfg = Release|Any CPU
		{9F0736FE-2054-4EF8-B8A0-A68120F0A068}.Release|Any CPU.Build.0 = Release|Any CPU
		{9F0736FE-2054-4EF8-B8A0-A68120F0A068}.Release|x64.ActiveCfg = Release|Any CPU
		{9F0736FE-2054-4EF8-B8A0-A68120F0A068}.Release|x64.Build.0 = Release|Any CPU
		{9F0736FE-2054-4EF8-B8A0-A68120F0A068}.Release|x86.ActiveCfg = Release|Any CPU
		{9F0736FE-2054-4EF8-B8A0-A68120F0A068}.Release|x86.Build.0 = Release|Any CPU
		{2C789ADF-CE2B-49A1-A6FC-DAC4CD4B3F8B}.Debug|Any CPU.ActiveCfg = Debug|Any CPU
		{2C789ADF-CE2B-49A1-A6FC-DAC4CD4B3F8B}.Debug|Any CPU.Build.0 = Debug|Any CPU
		{2C789ADF-CE2B-49A1-A6FC-DAC4CD4B3F8B}.Debug|x64.ActiveCfg = Debug|Any CPU
		{2C789ADF-CE2B-49A1-A6FC-DAC4CD4B3F8B}.Debug|x64.Build.0 = Debug|Any CPU
		{2C789ADF-CE2B-49A1-A6FC-DAC4CD4B3F8B}.Debug|x86.ActiveCfg = Debug|Any CPU
		{2C789ADF-CE2B-49A1-A6FC-DAC4CD4B3F8B}.Debug|x86.Build.0 = Debug|Any CPU
		{2C789ADF-CE2B-49A1-A6FC-DAC4CD4B3F8B}.Release|Any CPU.ActiveCfg = Release|Any CPU
		{2C789ADF-CE2B-49A1-A6FC-DAC4CD4B3F8B}.Release|Any CPU.Build.0 = Release|Any CPU
		{2C789ADF-CE2B-49A1-A6FC-DAC4CD4B3F8B}.Release|x64.ActiveCfg = Release|Any CPU
		{2C789ADF-CE2B-49A1-A6FC-DAC4CD4B3F8B}.Release|x64.Build.0 = Release|Any CPU
		{2C789ADF-CE2B-49A1-A6FC-DAC4CD4B3F8B}.Release|x86.ActiveCfg = Release|Any CPU
		{2C789ADF-CE2B-49A1-A6FC-DAC4CD4B3F8B}.Release|x86.Build.0 = Release|Any CPU
		{A4703CE5-1B39-4A71-A2FB-1E8A4122009D}.Debug|Any CPU.ActiveCfg = Debug|Any CPU
		{A4703CE5-1B39-4A71-A2FB-1E8A4122009D}.Debug|Any CPU.Build.0 = Debug|Any CPU
		{A4703CE5-1B39-4A71-A2FB-1E8A4122009D}.Debug|x64.ActiveCfg = Debug|Any CPU
		{A4703CE5-1B39-4A71-A2FB-1E8A4122009D}.Debug|x64.Build.0 = Debug|Any CPU
		{A4703CE5-1B39-4A71-A2FB-1E8A4122009D}.Debug|x86.ActiveCfg = Debug|Any CPU
		{A4703CE5-1B39-4A71-A2FB-1E8A4122009D}.Debug|x86.Build.0 = Debug|Any CPU
		{A4703CE5-1B39-4A71-A2FB-1E8A4122009D}.Release|Any CPU.ActiveCfg = Release|Any CPU
		{A4703CE5-1B39-4A71-A2FB-1E8A4122009D}.Release|Any CPU.Build.0 = Release|Any CPU
		{A4703CE5-1B39-4A71-A2FB-1E8A4122009D}.Release|x64.ActiveCfg = Release|Any CPU
		{A4703CE5-1B39-4A71-A2FB-1E8A4122009D}.Release|x64.Build.0 = Release|Any CPU
		{A4703CE5-1B39-4A71-A2FB-1E8A4122009D}.Release|x86.ActiveCfg = Release|Any CPU
		{A4703CE5-1B39-4A71-A2FB-1E8A4122009D}.Release|x86.Build.0 = Release|Any CPU
		{08AFD576-0827-4309-9243-B708ADA01FE9}.Debug|Any CPU.ActiveCfg = Debug|Any CPU
		{08AFD576-0827-4309-9243-B708ADA01FE9}.Debug|Any CPU.Build.0 = Debug|Any CPU
		{08AFD576-0827-4309-9243-B708ADA01FE9}.Debug|x64.ActiveCfg = Debug|Any CPU
		{08AFD576-0827-4309-9243-B708ADA01FE9}.Debug|x64.Build.0 = Debug|Any CPU
		{08AFD576-0827-4309-9243-B708ADA01FE9}.Debug|x86.ActiveCfg = Debug|Any CPU
		{08AFD576-0827-4309-9243-B708ADA01FE9}.Debug|x86.Build.0 = Debug|Any CPU
		{08AFD576-0827-4309-9243-B708ADA01FE9}.Release|Any CPU.ActiveCfg = Release|Any CPU
		{08AFD576-0827-4309-9243-B708ADA01FE9}.Release|Any CPU.Build.0 = Release|Any CPU
		{08AFD576-0827-4309-9243-B708ADA01FE9}.Release|x64.ActiveCfg = Release|Any CPU
		{08AFD576-0827-4309-9243-B708ADA01FE9}.Release|x64.Build.0 = Release|Any CPU
		{08AFD576-0827-4309-9243-B708ADA01FE9}.Release|x86.ActiveCfg = Release|Any CPU
		{08AFD576-0827-4309-9243-B708ADA01FE9}.Release|x86.Build.0 = Release|Any CPU
		{818DEAAD-3ECA-401B-B684-E06A2F57C590}.Debug|Any CPU.ActiveCfg = Debug|Any CPU
		{818DEAAD-3ECA-401B-B684-E06A2F57C590}.Debug|Any CPU.Build.0 = Debug|Any CPU
		{818DEAAD-3ECA-401B-B684-E06A2F57C590}.Debug|x64.ActiveCfg = Debug|Any CPU
		{818DEAAD-3ECA-401B-B684-E06A2F57C590}.Debug|x64.Build.0 = Debug|Any CPU
		{818DEAAD-3ECA-401B-B684-E06A2F57C590}.Debug|x86.ActiveCfg = Debug|Any CPU
		{818DEAAD-3ECA-401B-B684-E06A2F57C590}.Debug|x86.Build.0 = Debug|Any CPU
		{818DEAAD-3ECA-401B-B684-E06A2F57C590}.Release|Any CPU.ActiveCfg = Release|Any CPU
		{818DEAAD-3ECA-401B-B684-E06A2F57C590}.Release|Any CPU.Build.0 = Release|Any CPU
		{818DEAAD-3ECA-401B-B684-E06A2F57C590}.Release|x64.ActiveCfg = Release|Any CPU
		{818DEAAD-3ECA-401B-B684-E06A2F57C590}.Release|x64.Build.0 = Release|Any CPU
		{818DEAAD-3ECA-401B-B684-E06A2F57C590}.Release|x86.ActiveCfg = Release|Any CPU
		{818DEAAD-3ECA-401B-B684-E06A2F57C590}.Release|x86.Build.0 = Release|Any CPU
	EndGlobalSection
EndGlobal
